// !$*UTF8*$!
{
	archiveVersion = 1;
	classes = {
	};
	objectVersion = 50;
	objects = {

/* Begin PBXBuildFile section */
		BA89F3E724449DA400B6F63A /* AppDelegate.swift in Sources */ = {isa = PBXBuildFile; fileRef = BA89F3E624449DA400B6F63A /* AppDelegate.swift */; };
		BA89F3E924449DA400B6F63A /* SceneDelegate.swift in Sources */ = {isa = PBXBuildFile; fileRef = BA89F3E824449DA400B6F63A /* SceneDelegate.swift */; };
		BA89F3EB24449DA400B6F63A /* ViewController.swift in Sources */ = {isa = PBXBuildFile; fileRef = BA89F3EA24449DA400B6F63A /* ViewController.swift */; };
		BA89F3EE24449DA400B6F63A /* Main.storyboard in Resources */ = {isa = PBXBuildFile; fileRef = BA89F3EC24449DA400B6F63A /* Main.storyboard */; };
		BA89F3F024449DA500B6F63A /* Assets.xcassets in Resources */ = {isa = PBXBuildFile; fileRef = BA89F3EF24449DA500B6F63A /* Assets.xcassets */; };
		BA89F3F324449DA500B6F63A /* LaunchScreen.storyboard in Resources */ = {isa = PBXBuildFile; fileRef = BA89F3F124449DA500B6F63A /* LaunchScreen.storyboard */; };
		BA89F3FB2444A4B300B6F63A /* LibTableViewController.swift in Sources */ = {isa = PBXBuildFile; fileRef = BA89F3FA2444A4B300B6F63A /* LibTableViewController.swift */; };
		BAF0CB4E2445CE8B00300F5F /* EmTableViewCell.swift in Sources */ = {isa = PBXBuildFile; fileRef = BAF0CB4D2445CE8B00300F5F /* EmTableViewCell.swift */; };
		BAF0CB502445E38500300F5F /* emojmod.swift in Sources */ = {isa = PBXBuildFile; fileRef = BAF0CB4F2445E38500300F5F /* emojmod.swift */; };
		BAF1178C24485B4B001ADCF1 /* NewLabelTableViewController.swift in Sources */ = {isa = PBXBuildFile; fileRef = BAF1178B24485B4B001ADCF1 /* NewLabelTableViewController.swift */; };
/* End PBXBuildFile section */

/* Begin PBXFileReference section */
		BA89F3E324449DA400B6F63A /* test2.app */ = {isa = PBXFileReference; explicitFileType = wrapper.application; includeInIndex = 0; path = test2.app; sourceTree = BUILT_PRODUCTS_DIR; };
		BA89F3E624449DA400B6F63A /* AppDelegate.swift */ = {isa = PBXFileReference; lastKnownFileType = sourcecode.swift; path = AppDelegate.swift; sourceTree = "<group>"; };
		BA89F3E824449DA400B6F63A /* SceneDelegate.swift */ = {isa = PBXFileReference; lastKnownFileType = sourcecode.swift; path = SceneDelegate.swift; sourceTree = "<group>"; };
		BA89F3EA24449DA400B6F63A /* ViewController.swift */ = {isa = PBXFileReference; lastKnownFileType = sourcecode.swift; path = ViewController.swift; sourceTree = "<group>"; };
		BA89F3ED24449DA400B6F63A /* Base */ = {isa = PBXFileReference; lastKnownFileType = file.storyboard; name = Base; path = Base.lproj/Main.storyboard; sourceTree = "<group>"; };
		BA89F3EF24449DA500B6F63A /* Assets.xcassets */ = {isa = PBXFileReference; lastKnownFileType = folder.assetcatalog; path = Assets.xcassets; sourceTree = "<group>"; };
		BA89F3F224449DA500B6F63A /* Base */ = {isa = PBXFileReference; lastKnownFileType = file.storyboard; name = Base; path = Base.lproj/LaunchScreen.storyboard; sourceTree = "<group>"; };
		BA89F3F424449DA500B6F63A /* Info.plist */ = {isa = PBXFileReference; lastKnownFileType = text.plist.xml; path = Info.plist; sourceTree = "<group>"; };
		BA89F3FA2444A4B300B6F63A /* LibTableViewController.swift */ = {isa = PBXFileReference; lastKnownFileType = sourcecode.swift; path = LibTableViewController.swift; sourceTree = "<group>"; };
		BAF0CB4D2445CE8B00300F5F /* EmTableViewCell.swift */ = {isa = PBXFileReference; lastKnownFileType = sourcecode.swift; path = EmTableViewCell.swift; sourceTree = "<group>"; };
		BAF0CB4F2445E38500300F5F /* emojmod.swift */ = {isa = PBXFileReference; lastKnownFileType = sourcecode.swift; path = emojmod.swift; sourceTree = "<group>"; };
		BAF1178B24485B4B001ADCF1 /* NewLabelTableViewController.swift */ = {isa = PBXFileReference; lastKnownFileType = sourcecode.swift; path = NewLabelTableViewController.swift; sourceTree = "<group>"; };
/* End PBXFileReference section */

/* Begin PBXFrameworksBuildPhase section */
		BA89F3E024449DA400B6F63A /* Frameworks */ = {
			isa = PBXFrameworksBuildPhase;
			buildActionMask = 2147483647;
			files = (
			);
			runOnlyForDeploymentPostprocessing = 0;
		};
/* End PBXFrameworksBuildPhase section */

/* Begin PBXGroup section */
		BA89F3DA24449DA400B6F63A = {
			isa = PBXGroup;
			children = (
				BAF0CB4D2445CE8B00300F5F /* EmTableViewCell.swift */,
				BA89F3E524449DA400B6F63A /* test2 */,
				BA89F3E424449DA400B6F63A /* Products */,
			);
			sourceTree = "<group>";
		};
		BA89F3E424449DA400B6F63A /* Products */ = {
			isa = PBXGroup;
			children = (
				BA89F3E324449DA400B6F63A /* test2.app */,
			);
			name = Products;
			sourceTree = "<group>";
		};
		BA89F3E524449DA400B6F63A /* test2 */ = {
			isa = PBXGroup;
			children = (
				BA89F3E624449DA400B6F63A /* AppDelegate.swift */,
				BA89F3E824449DA400B6F63A /* SceneDelegate.swift */,
				BA89F3EA24449DA400B6F63A /* ViewController.swift */,
				BA89F3FA2444A4B300B6F63A /* LibTableViewController.swift */,
				BAF0CB4F2445E38500300F5F /* emojmod.swift */,
				BAF1178B24485B4B001ADCF1 /* NewLabelTableViewController.swift */,
				BA89F3EC24449DA400B6F63A /* Main.storyboard */,
				BA89F3EF24449DA500B6F63A /* Assets.xcassets */,
				BA89F3F124449DA500B6F63A /* LaunchScreen.storyboard */,
				BA89F3F424449DA500B6F63A /* Info.plist */,
			);
			path = test2;
			sourceTree = "<group>";
		};
/* End PBXGroup section */

/* Begin PBXNativeTarget section */
		BA89F3E224449DA400B6F63A /* test2 */ = {
			isa = PBXNativeTarget;
			buildConfigurationList = BA89F3F724449DA500B6F63A /* Build configuration list for PBXNativeTarget "test2" */;
			buildPhases = (
				BA89F3DF24449DA400B6F63A /* Sources */,
				BA89F3E024449DA400B6F63A /* Frameworks */,
				BA89F3E124449DA400B6F63A /* Resources */,
			);
			buildRules = (
			);
			dependencies = (
			);
			name = test2;
			productName = test2;
			productReference = BA89F3E324449DA400B6F63A /* test2.app */;
			productType = "com.apple.product-type.application";
		};
/* End PBXNativeTarget section */

/* Begin PBXProject section */
		BA89F3DB24449DA400B6F63A /* Project object */ = {
			isa = PBXProject;
			attributes = {
				LastSwiftUpdateCheck = 1140;
				LastUpgradeCheck = 1140;
				ORGANIZATIONNAME = Bulavin;
				TargetAttributes = {
					BA89F3E224449DA400B6F63A = {
						CreatedOnToolsVersion = 11.4;
					};
				};
			};
			buildConfigurationList = BA89F3DE24449DA400B6F63A /* Build configuration list for PBXProject "test2" */;
			compatibilityVersion = "Xcode 9.3";
			developmentRegion = en;
			hasScannedForEncodings = 0;
			knownRegions = (
				en,
				Base,
			);
			mainGroup = BA89F3DA24449DA400B6F63A;
			productRefGroup = BA89F3E424449DA400B6F63A /* Products */;
			projectDirPath = "";
			projectRoot = "";
			targets = (
				BA89F3E224449DA400B6F63A /* test2 */,
			);
		};
/* End PBXProject section */

/* Begin PBXResourcesBuildPhase section */
		BA89F3E124449DA400B6F63A /* Resources */ = {
			isa = PBXResourcesBuildPhase;
			buildActionMask = 2147483647;
			files = (
				BA89F3F324449DA500B6F63A /* LaunchScreen.storyboard in Resources */,
				BA89F3F024449DA500B6F63A /* Assets.xcassets in Resources */,
				BA89F3EE24449DA400B6F63A /* Main.storyboard in Resources */,
			);
			runOnlyForDeploymentPostprocessing = 0;
		};
/* End PBXResourcesBuildPhase section */

/* Begin PBXSourcesBuildPhase section */
		BA89F3DF24449DA400B6F63A /* Sources */ = {
			isa = PBXSourcesBuildPhase;
			buildActionMask = 2147483647;
			files = (
				BA89F3EB24449DA400B6F63A /* ViewController.swift in Sources */,
				BAF0CB502445E38500300F5F /* emojmod.swift in Sources */,
				BA89F3FB2444A4B300B6F63A /* LibTableViewController.swift in Sources */,
				BA89F3E724449DA400B6F63A /* AppDelegate.swift in Sources */,
				BAF0CB4E2445CE8B00300F5F /* EmTableViewCell.swift in Sources */,
				BAF1178C24485B4B001ADCF1 /* NewLabelTableViewController.swift in Sources */,
				BA89F3E924449DA400B6F63A /* SceneDelegate.swift in Sources */,
			);
			runOnlyForDeploymentPostprocessing = 0;
		};
/* End PBXSourcesBuildPhase section */

/* Begin PBXVariantGroup section */
		BA89F3EC24449DA400B6F63A /* Main.storyboard */ = {
			isa = PBXVariantGroup;
			children = (
				BA89F3ED24449DA400B6F63A /* Base */,
			);
			name = Main.storyboard;
			sourceTree = "<group>";
		};
		BA89F3F124449DA500B6F63A /* LaunchScreen.storyboard */ = {
			isa = PBXVariantGroup;
			children = (
				BA89F3F224449DA500B6F63A /* Base */,
			);
			name = LaunchScreen.storyboard;
			sourceTree = "<group>";
		};
/* End PBXVariantGroup section */

/* Begin XCBuildConfiguration section */
		BA89F3F524449DA500B6F63A /* Debug */ = {
			isa = XCBuildConfiguration;
			buildSettings = {
				ALWAYS_SEARCH_USER_PATHS = NO;
				CLANG_ANALYZER_NONNULL = YES;
				CLANG_ANALYZER_NUMBER_OBJECT_CONVERSION = YES_AGGRESSIVE;
				CLANG_CXX_LANGUAGE_STANDARD = "gnu++14";
				CLANG_CXX_LIBRARY = "libc++";
				CLANG_ENABLE_MODULES = YES;
				CLANG_ENABLE_OBJC_ARC = YES;
				CLANG_ENABLE_OBJC_WEAK = YES;
				CLANG_WARN_BLOCK_CAPTURE_AUTORELEASING = YES;
				CLANG_WARN_BOOL_CONVERSION = YES;
				CLANG_WARN_COMMA = YES;
				CLANG_WARN_CONSTANT_CONVERSION = YES;
				CLANG_WARN_DEPRECATED_OBJC_IMPLEMENTATIONS = YES;
				CLANG_WARN_DIRECT_OBJC_ISA_USAGE = YES_ERROR;
				CLANG_WARN_DOCUMENTATION_COMMENTS = YES;
				CLANG_WARN_EMPTY_BODY = YES;
				CLANG_WARN_ENUM_CONVERSION = YES;
				CLANG_WARN_INFINITE_RECURSION = YES;
				CLANG_WARN_INT_CONVERSION = YES;
				CLANG_WARN_NON_LITERAL_NULL_CONVERSION = YES;
				CLANG_WARN_OBJC_IMPLICIT_RETAIN_SELF = YES;
				CLANG_WARN_OBJC_LITERAL_CONVERSION = YES;
				CLANG_WARN_OBJC_ROOT_CLASS = YES_ERROR;
				CLANG_WARN_RANGE_LOOP_ANALYSIS = YES;
				CLANG_WARN_STRICT_PROTOTYPES = YES;
				CLANG_WARN_SUSPICIOUS_MOVE = YES;
				CLANG_WARN_UNGUARDED_AVAILABILITY = YES_AGGRESSIVE;
				CLANG_WARN_UNREACHABLE_CODE = YES;
				CLANG_WARN__DUPLICATE_METHOD_MATCH = YES;
				COPY_PHASE_STRIP = NO;
				DEBUG_INFORMATION_FORMAT = dwarf;
				ENABLE_STRICT_OBJC_MSGSEND = YES;
				ENABLE_TESTABILITY = YES;
				GCC_C_LANGUAGE_STANDARD = gnu11;
				GCC_DYNAMIC_NO_PIC = NO;
				GCC_NO_COMMON_BLOCKS = YES;
				GCC_OPTIMIZATION_LEVEL = 0;
				GCC_PREPROCESSOR_DEFINITIONS = (
					"DEBUG=1",
					"$(inherited)",
				);
				GCC_WARN_64_TO_32_BIT_CONVERSION = YES;
				GCC_WARN_ABOUT_RETURN_TYPE = YES_ERROR;
				GCC_WARN_UNDECLARED_SELECTOR = YES;
				GCC_WARN_UNINITIALIZED_AUTOS = YES_AGGRESSIVE;
				GCC_WARN_UNUSED_FUNCTION = YES;
				GCC_WARN_UNUSED_VARIABLE = YES;
				IPHONEOS_DEPLOYMENT_TARGET = 13.4;
				MTL_ENABLE_DEBUG_INFO = INCLUDE_SOURCE;
				MTL_FAST_MATH = YES;
				ONLY_ACTIVE_ARCH = YES;
				SDKROOT = iphoneos;
				SWIFT_ACTIVE_COMPILATION_CONDITIONS = DEBUG;
				SWIFT_OPTIMIZATION_LEVEL = "-Onone";
			};
			name = Debug;
		};
		BA89F3F624449DA500B6F63A /* Release */ = {
			isa = XCBuildConfiguration;
			buildSettings = {
				ALWAYS_SEARCH_USER_PATHS = NO;
				CLANG_ANALYZER_NONNULL = YES;
				CLANG_ANALYZER_NUMBER_OBJECT_CONVERSION = YES_AGGRESSIVE;
				CLANG_CXX_LANGUAGE_STANDARD = "gnu++14";
				CLANG_CXX_LIBRARY = "libc++";
				CLANG_ENABLE_MODULES = YES;
				CLANG_ENABLE_OBJC_ARC = YES;
				CLANG_ENABLE_OBJC_WEAK = YES;
				CLANG_WARN_BLOCK_CAPTURE_AUTORELEASING = YES;
				CLANG_WARN_BOOL_CONVERSION = YES;
				CLANG_WARN_COMMA = YES;
				CLANG_WARN_CONSTANT_CONVERSION = YES;
				CLANG_WARN_DEPRECATED_OBJC_IMPLEMENTATIONS = YES;
				CLANG_WARN_DIRECT_OBJC_ISA_USAGE = YES_ERROR;
				CLANG_WARN_DOCUMENTATION_COMMENTS = YES;
				CLANG_WARN_EMPTY_BODY = YES;
				CLANG_WARN_ENUM_CONVERSION = YES;
				CLANG_WARN_INFINITE_RECURSION = YES;
				CLANG_WARN_INT_CONVERSION = YES;
				CLANG_WARN_NON_LITERAL_NULL_CONVERSION = YES;
				CLANG_WARN_OBJC_IMPLICIT_RETAIN_SELF = YES;
				CLANG_WARN_OBJC_LITERAL_CONVERSION = YES;
				CLANG_WARN_OBJC_ROOT_CLASS = YES_ERROR;
				CLANG_WARN_RANGE_LOOP_ANALYSIS = YES;
				CLANG_WARN_STRICT_PROTOTYPES = YES;
				CLANG_WARN_SUSPICIOUS_MOVE = YES;
				CLANG_WARN_UNGUARDED_AVAILABILITY = YES_AGGRESSIVE;
				CLANG_WARN_UNREACHABLE_CODE = YES;
				CLANG_WARN__DUPLICATE_METHOD_MATCH = YES;
				COPY_PHASE_STRIP = NO;
				DEBUG_INFORMATION_FORMAT = "dwarf-with-dsym";
				ENABLE_NS_ASSERTIONS = NO;
				ENABLE_STRICT_OBJC_MSGSEND = YES;
				GCC_C_LANGUAGE_STANDARD = gnu11;
				GCC_NO_COMMON_BLOCKS = YES;
				GCC_WARN_64_TO_32_BIT_CONVERSION = YES;
				GCC_WARN_ABOUT_RETURN_TYPE = YES_ERROR;
				GCC_WARN_UNDECLARED_SELECTOR = YES;
				GCC_WARN_UNINITIALIZED_AUTOS = YES_AGGRESSIVE;
				GCC_WARN_UNUSED_FUNCTION = YES;
				GCC_WARN_UNUSED_VARIABLE = YES;
				IPHONEOS_DEPLOYMENT_TARGET = 13.4;
				MTL_ENABLE_DEBUG_INFO = NO;
				MTL_FAST_MATH = YES;
				SDKROOT = iphoneos;
				SWIFT_COMPILATION_MODE = wholemodule;
				SWIFT_OPTIMIZATION_LEVEL = "-O";
				VALIDATE_PRODUCT = YES;
			};
			name = Release;
		};
		BA89F3F824449DA500B6F63A /* Debug */ = {
			isa = XCBuildConfiguration;
			buildSettings = {
				ASSETCATALOG_COMPILER_APPICON_NAME = AppIcon;
				CODE_SIGN_STYLE = Automatic;
				DEVELOPMENT_TEAM = 5R3AKPS265;
				INFOPLIST_FILE = test2/Info.plist;
				LD_RUNPATH_SEARCH_PATHS = (
					"$(inherited)",
					"@executable_path/Frameworks",
				);
				PRODUCT_BUNDLE_IDENTIFIER = com.bulavin.test2;
				PRODUCT_NAME = "$(TARGET_NAME)";
				SWIFT_VERSION = 5.0;
				TARGETED_DEVICE_FAMILY = "1,2";
			};
			name = Debug;
		};
		BA89F3F924449DA500B6F63A /* Release */ = {
			isa = XCBuildConfiguration;
			buildSettings = {
				ASSETCATALOG_COMPILER_APPICON_NAME = AppIcon;
				CODE_SIGN_STYLE = Automatic;
				DEVELOPMENT_TEAM = 5R3AKPS265;
				INFOPLIST_FILE = test2/Info.plist;
				LD_RUNPATH_SEARCH_PATHS = (
					"$(inherited)",
					"@executable_path/Frameworks",
				);
				PRODUCT_BUNDLE_IDENTIFIER = com.bulavin.test2;
				PRODUCT_NAME = "$(TARGET_NAME)";
				SWIFT_VERSION = 5.0;
				TARGETED_DEVICE_FAMILY = "1,2";
			};
			name = Release;
		};
/* End XCBuildConfiguration section */

/* Begin XCConfigurationList section */
		BA89F3DE24449DA400B6F63A /* Build configuration list for PBXProject "test2" */ = {
			isa = XCConfigurationList;
			buildConfigurations = (
				BA89F3F524449DA500B6F63A /* Debug */,
				BA89F3F624449DA500B6F63A /* Release */,
			);
			defaultConfigurationIsVisible = 0;
			defaultConfigurationName = Release;
		};
		BA89F3F724449DA500B6F63A /* Build configuration list for PBXNativeTarget "test2" */ = {
			isa = XCConfigurationList;
			buildConfigurations = (
				BA89F3F824449DA500B6F63A /* Debug */,
				BA89F3F924449DA500B6F63A /* Release */,
			);
			defaultConfigurationIsVisible = 0;
			defaultConfigurationName = Release;
		};
/* End XCConfigurationList section */
	};
	rootObject = BA89F3DB24449DA400B6F63A /* Project object */;
}
